schema: '2.0'
stages:
  preprocess:
    cmd: python3 preprocess_dataset.py
    deps:
    - path: preprocess_dataset.py
      hash: md5
      md5: 86e49fc7f43f10f13b4ae5c0d3b7b163
      size: 3501
    - path: raw_dataset/weather.csv
      hash: md5
      md5: 8b80f6484630c3b5b0dacaabc37afaf0
      size: 2726131
    - path: utils_and_constants.py
      hash: md5
      md5: 66b3ca84d89aa84462db1b7cdc77dbda
      size: 437
    outs:
    - path: processed_dataset/weather.csv
      hash: md5
      md5: 5a799ba072f8399633fbd5b922d7c499
      size: 10526986
  train:
    cmd: python3 train.py
    deps:
    - path: metrics_and_plots.py
      hash: md5
      md5: 709145c365a3e08e84b77bc94f975cdd
      size: 1026
    - path: model.py
      hash: md5
      md5: ee2454ef369bab294e5615d9ace430dc
      size: 1031
    - path: processed_dataset/weather.csv
      hash: md5
      md5: 5a799ba072f8399633fbd5b922d7c499
      size: 10526986
    - path: train.py
      hash: md5
      md5: fa14700d413dd314ba37c5dad92d52ff
      size: 1032
    - path: utils_and_constants.py
      hash: md5
      md5: 66b3ca84d89aa84462db1b7cdc77dbda
      size: 437
    outs:
    - path: metrics.json
      hash: md5
      md5: ce4bb73c5e87209fb9fa74398f59a025
      size: 79
    - path: predictions.csv
      hash: md5
      md5: f19486568248a7d599d2ca6db84c230d
      size: 31278
